// !$*UTF8*$!
{
	archiveVersion = 1;
	classes = {
	};
	objectVersion = 46;
	objects = {

/* Begin PBXBuildFile section */
		172F785B192D174D00F150E1 /* Foundation.framework in Frameworks */ = {isa = PBXBuildFile; fileRef = 172F785A192D174D00F150E1 /* Foundation.framework */; };
		172F785D192D174D00F150E1 /* CoreGraphics.framework in Frameworks */ = {isa = PBXBuildFile; fileRef = 172F785C192D174D00F150E1 /* CoreGraphics.framework */; };
		172F785F192D174D00F150E1 /* UIKit.framework in Frameworks */ = {isa = PBXBuildFile; fileRef = 172F785E192D174D00F150E1 /* UIKit.framework */; };
		172F7865192D174D00F150E1 /* InfoPlist.strings in Resources */ = {isa = PBXBuildFile; fileRef = 172F7863192D174D00F150E1 /* InfoPlist.strings */; };
		172F7867192D174D00F150E1 /* main.m in Sources */ = {isa = PBXBuildFile; fileRef = 172F7866192D174D00F150E1 /* main.m */; };
		172F786B192D174D00F150E1 /* AppDelegate.m in Sources */ = {isa = PBXBuildFile; fileRef = 172F786A192D174D00F150E1 /* AppDelegate.m */; };
		172F786D192D174D00F150E1 /* Images.xcassets in Resources */ = {isa = PBXBuildFile; fileRef = 172F786C192D174D00F150E1 /* Images.xcassets */; };
		172F7874192D174D00F150E1 /* XCTest.framework in Frameworks */ = {isa = PBXBuildFile; fileRef = 172F7873192D174D00F150E1 /* XCTest.framework */; };
		172F7875192D174D00F150E1 /* Foundation.framework in Frameworks */ = {isa = PBXBuildFile; fileRef = 172F785A192D174D00F150E1 /* Foundation.framework */; };
		172F7876192D174D00F150E1 /* UIKit.framework in Frameworks */ = {isa = PBXBuildFile; fileRef = 172F785E192D174D00F150E1 /* UIKit.framework */; };
		172F787E192D174D00F150E1 /* InfoPlist.strings in Resources */ = {isa = PBXBuildFile; fileRef = 172F787C192D174D00F150E1 /* InfoPlist.strings */; };
		172F7880192D174D00F150E1 /* RoshanCartoonClientTests.m in Sources */ = {isa = PBXBuildFile; fileRef = 172F787F192D174D00F150E1 /* RoshanCartoonClientTests.m */; };
/* End PBXBuildFile section */

/* Begin PBXContainerItemProxy section */
		172F7877192D174D00F150E1 /* PBXContainerItemProxy */ = {
			isa = PBXContainerItemProxy;
			containerPortal = 172F784F192D174D00F150E1 /* Project object */;
			proxyType = 1;
			remoteGlobalIDString = 172F7856192D174D00F150E1;
			remoteInfo = RoshanCartoonClient;
		};
/* End PBXContainerItemProxy section */

/* Begin PBXFileReference section */
		172F7857192D174D00F150E1 /* RoshanCartoonClient.app */ = {isa = PBXFileReference; explicitFileType = wrapper.application; includeInIndex = 0; path = RoshanCartoonClient.app; sourceTree = BUILT_PRODUCTS_DIR; };
		172F785A192D174D00F150E1 /* Foundation.framework */ = {isa = PBXFileReference; lastKnownFileType = wrapper.framework; name = Foundation.framework; path = System/Library/Frameworks/Foundation.framework; sourceTree = SDKROOT; };
		172F785C192D174D00F150E1 /* CoreGraphics.framework */ = {isa = PBXFileReference; lastKnownFileType = wrapper.framework; name = CoreGraphics.framework; path = System/Library/Frameworks/CoreGraphics.framework; sourceTree = SDKROOT; };
		172F785E192D174D00F150E1 /* UIKit.framework */ = {isa = PBXFileReference; lastKnownFileType = wrapper.framework; name = UIKit.framework; path = System/Library/Frameworks/UIKit.framework; sourceTree = SDKROOT; };
		172F7862192D174D00F150E1 /* RoshanCartoonClient-Info.plist */ = {isa = PBXFileReference; lastKnownFileType = text.plist.xml; path = "RoshanCartoonClient-Info.plist"; sourceTree = "<group>"; };
		172F7864192D174D00F150E1 /* en */ = {isa = PBXFileReference; lastKnownFileType = text.plist.strings; name = en; path = en.lproj/InfoPlist.strings; sourceTree = "<group>"; };
		172F7866192D174D00F150E1 /* main.m */ = {isa = PBXFileReference; lastKnownFileType = sourcecode.c.objc; path = main.m; sourceTree = "<group>"; };
		172F7868192D174D00F150E1 /* RoshanCartoonClient-Prefix.pch */ = {isa = PBXFileReference; lastKnownFileType = sourcecode.c.h; path = "RoshanCartoonClient-Prefix.pch"; sourceTree = "<group>"; };
		172F7869192D174D00F150E1 /* AppDelegate.h */ = {isa = PBXFileReference; lastKnownFileType = sourcecode.c.h; path = AppDelegate.h; sourceTree = "<group>"; };
		172F786A192D174D00F150E1 /* AppDelegate.m */ = {isa = PBXFileReference; lastKnownFileType = sourcecode.c.objc; path = AppDelegate.m; sourceTree = "<group>"; };
		172F786C192D174D00F150E1 /* Images.xcassets */ = {isa = PBXFileReference; lastKnownFileType = folder.assetcatalog; path = Images.xcassets; sourceTree = "<group>"; };
		172F7872192D174D00F150E1 /* RoshanCartoonClientTests.xctest */ = {isa = PBXFileReference; explicitFileType = wrapper.cfbundle; includeInIndex = 0; path = RoshanCartoonClientTests.xctest; sourceTree = BUILT_PRODUCTS_DIR; };
		172F7873192D174D00F150E1 /* XCTest.framework */ = {isa = PBXFileReference; lastKnownFileType = wrapper.framework; name = XCTest.framework; path = Library/Frameworks/XCTest.framework; sourceTree = DEVELOPER_DIR; };
		172F787B192D174D00F150E1 /* RoshanCartoonClientTests-Info.plist */ = {isa = PBXFileReference; lastKnownFileType = text.plist.xml; path = "RoshanCartoonClientTests-Info.plist"; sourceTree = "<group>"; };
		172F787D192D174D00F150E1 /* en */ = {isa = PBXFileReference; lastKnownFileType = text.plist.strings; name = en; path = en.lproj/InfoPlist.strings; sourceTree = "<group>"; };
		172F787F192D174D00F150E1 /* RoshanCartoonClientTests.m */ = {isa = PBXFileReference; lastKnownFileType = sourcecode.c.objc; path = RoshanCartoonClientTests.m; sourceTree = "<group>"; };
/* End PBXFileReference section */

/* Begin PBXFrameworksBuildPhase section */
		172F7854192D174D00F150E1 /* Frameworks */ = {
			isa = PBXFrameworksBuildPhase;
			buildActionMask = 2147483647;
			files = (
				172F785D192D174D00F150E1 /* CoreGraphics.framework in Frameworks */,
				172F785F192D174D00F150E1 /* UIKit.framework in Frameworks */,
				172F785B192D174D00F150E1 /* Foundation.framework in Frameworks */,
			);
			runOnlyForDeploymentPostprocessing = 0;
		};
		172F786F192D174D00F150E1 /* Frameworks */ = {
			isa = PBXFrameworksBuildPhase;
			buildActionMask = 2147483647;
			files = (
				172F7874192D174D00F150E1 /* XCTest.framework in Frameworks */,
				172F7876192D174D00F150E1 /* UIKit.framework in Frameworks */,
				172F7875192D174D00F150E1 /* Foundation.framework in Frameworks */,
			);
			runOnlyForDeploymentPostprocessing = 0;
		};
/* End PBXFrameworksBuildPhase section */

/* Begin PBXGroup section */
		172F784E192D174D00F150E1 = {
			isa = PBXGroup;
			children = (
				172F7860192D174D00F150E1 /* RoshanCartoonClient */,
				172F7879192D174D00F150E1 /* RoshanCartoonClientTests */,
				172F7859192D174D00F150E1 /* Frameworks */,
				172F7858192D174D00F150E1 /* Products */,
			);
			sourceTree = "<group>";
		};
		172F7858192D174D00F150E1 /* Products */ = {
			isa = PBXGroup;
			children = (
				172F7857192D174D00F150E1 /* RoshanCartoonClient.app */,
				172F7872192D174D00F150E1 /* RoshanCartoonClientTests.xctest */,
			);
			name = Products;
			sourceTree = "<group>";
		};
		172F7859192D174D00F150E1 /* Frameworks */ = {
			isa = PBXGroup;
			children = (
				172F785A192D174D00F150E1 /* Foundation.framework */,
				172F785C192D174D00F150E1 /* CoreGraphics.framework */,
				172F785E192D174D00F150E1 /* UIKit.framework */,
				172F7873192D174D00F150E1 /* XCTest.framework */,
			);
			name = Frameworks;
			sourceTree = "<group>";
		};
		172F7860192D174D00F150E1 /* RoshanCartoonClient */ = {
			isa = PBXGroup;
			children = (
				172F7869192D174D00F150E1 /* AppDelegate.h */,
				172F786A192D174D00F150E1 /* AppDelegate.m */,
				172F786C192D174D00F150E1 /* Images.xcassets */,
				172F7861192D174D00F150E1 /* Supporting Files */,
			);
			path = RoshanCartoonClient;
			sourceTree = "<group>";
		};
		172F7861192D174D00F150E1 /* Supporting Files */ = {
			isa = PBXGroup;
			children = (
				172F7862192D174D00F150E1 /* RoshanCartoonClient-Info.plist */,
				172F7863192D174D00F150E1 /* InfoPlist.strings */,
				172F7866192D174D00F150E1 /* main.m */,
				172F7868192D174D00F150E1 /* RoshanCartoonClient-Prefix.pch */,
			);
			name = "Supporting Files";
			sourceTree = "<group>";
		};
		172F7879192D174D00F150E1 /* RoshanCartoonClientTests */ = {
			isa = PBXGroup;
			children = (
				172F787F192D174D00F150E1 /* RoshanCartoonClientTests.m */,
				172F787A192D174D00F150E1 /* Supporting Files */,
			);
			path = RoshanCartoonClientTests;
			sourceTree = "<group>";
		};
		172F787A192D174D00F150E1 /* Supporting Files */ = {
			isa = PBXGroup;
			children = (
				172F787B192D174D00F150E1 /* RoshanCartoonClientTests-Info.plist */,
				172F787C192D174D00F150E1 /* InfoPlist.strings */,
			);
			name = "Supporting Files";
			sourceTree = "<group>";
		};
/* End PBXGroup section */

/* Begin PBXNativeTarget section */
		172F7856192D174D00F150E1 /* RoshanCartoonClient */ = {
			isa = PBXNativeTarget;
			buildConfigurationList = 172F7883192D174D00F150E1 /* Build configuration list for PBXNativeTarget "RoshanCartoonClient" */;
			buildPhases = (
				172F7853192D174D00F150E1 /* Sources */,
				172F7854192D174D00F150E1 /* Frameworks */,
				172F7855192D174D00F150E1 /* Resources */,
			);
			buildRules = (
			);
			dependencies = (
			);
			name = RoshanCartoonClient;
			productName = RoshanCartoonClient;
			productReference = 172F7857192D174D00F150E1 /* RoshanCartoonClient.app */;
			productType = "com.apple.product-type.application";
		};
		172F7871192D174D00F150E1 /* RoshanCartoonClientTests */ = {
			isa = PBXNativeTarget;
			buildConfigurationList = 172F7886192D174D00F150E1 /* Build configuration list for PBXNativeTarget "RoshanCartoonClientTests" */;
			buildPhases = (
				172F786E192D174D00F150E1 /* Sources */,
				172F786F192D174D00F150E1 /* Frameworks */,
				172F7870192D174D00F150E1 /* Resources */,
			);
			buildRules = (
			);
			dependencies = (
				172F7878192D174D00F150E1 /* PBXTargetDependency */,
			);
			name = RoshanCartoonClientTests;
			productName = RoshanCartoonClientTests;
			productReference = 172F7872192D174D00F150E1 /* RoshanCartoonClientTests.xctest */;
			productType = "com.apple.product-type.bundle.unit-test";
		};
/* End PBXNativeTarget section */

/* Begin PBXProject section */
		172F784F192D174D00F150E1 /* Project object */ = {
			isa = PBXProject;
			attributes = {
				LastUpgradeCheck = 0510;
				ORGANIZATIONNAME = "方辉";
				TargetAttributes = {
					172F7871192D174D00F150E1 = {
						TestTargetID = 172F7856192D174D00F150E1;
					};
				};
			};
			buildConfigurationList = 172F7852192D174D00F150E1 /* Build configuration list for PBXProject "RoshanCartoonClient" */;
			compatibilityVersion = "Xcode 3.2";
			developmentRegion = English;
			hasScannedForEncodings = 0;
			knownRegions = (
				en,
			);
			mainGroup = 172F784E192D174D00F150E1;
			productRefGroup = 172F7858192D174D00F150E1 /* Products */;
			projectDirPath = "";
			projectRoot = "";
			targets = (
				172F7856192D174D00F150E1 /* RoshanCartoonClient */,
				172F7871192D174D00F150E1 /* RoshanCartoonClientTests */,
			);
		};
/* End PBXProject section */

/* Begin PBXResourcesBuildPhase section */
		172F7855192D174D00F150E1 /* Resources */ = {
			isa = PBXResourcesBuildPhase;
			buildActionMask = 2147483647;
			files = (
				172F7865192D174D00F150E1 /* InfoPlist.strings in Resources */,
				172F786D192D174D00F150E1 /* Images.xcassets in Resources */,
			);
			runOnlyForDeploymentPostprocessing = 0;
		};
		172F7870192D174D00F150E1 /* Resources */ = {
			isa = PBXResourcesBuildPhase;
			buildActionMask = 2147483647;
			files = (
				172F787E192D174D00F150E1 /* InfoPlist.strings in Resources */,
			);
			runOnlyForDeploymentPostprocessing = 0;
		};
/* End PBXResourcesBuildPhase section */

/* Begin PBXSourcesBuildPhase section */
		172F7853192D174D00F150E1 /* Sources */ = {
			isa = PBXSourcesBuildPhase;
			buildActionMask = 2147483647;
			files = (
				172F786B192D174D00F150E1 /* AppDelegate.m in Sources */,
				172F7867192D174D00F150E1 /* main.m in Sources */,
			);
			runOnlyForDeploymentPostprocessing = 0;
		};
		172F786E192D174D00F150E1 /* Sources */ = {
			isa = PBXSourcesBuildPhase;
			buildActionMask = 2147483647;
			files = (
				172F7880192D174D00F150E1 /* RoshanCartoonClientTests.m in Sources */,
			);
			runOnlyForDeploymentPostprocessing = 0;
		};
/* End PBXSourcesBuildPhase section */

/* Begin PBXTargetDependency section */
		172F7878192D174D00F150E1 /* PBXTargetDependency */ = {
			isa = PBXTargetDependency;
			target = 172F7856192D174D00F150E1 /* RoshanCartoonClient */;
			targetProxy = 172F7877192D174D00F150E1 /* PBXContainerItemProxy */;
		};
/* End PBXTargetDependency section */

/* Begin PBXVariantGroup section */
		172F7863192D174D00F150E1 /* InfoPlist.strings */ = {
			isa = PBXVariantGroup;
			children = (
				172F7864192D174D00F150E1 /* en */,
			);
			name = InfoPlist.strings;
			sourceTree = "<group>";
		};
		172F787C192D174D00F150E1 /* InfoPlist.strings */ = {
			isa = PBXVariantGroup;
			children = (
				172F787D192D174D00F150E1 /* en */,
			);
			name = InfoPlist.strings;
			sourceTree = "<group>";
		};
/* End PBXVariantGroup section */

/* Begin XCBuildConfiguration section */
		172F7881192D174D00F150E1 /* Debug */ = {
			isa = XCBuildConfiguration;
			buildSettings = {
				ALWAYS_SEARCH_USER_PATHS = NO;
				CLANG_CXX_LANGUAGE_STANDARD = "gnu++0x";
				CLANG_CXX_LIBRARY = "libc++";
				CLANG_ENABLE_MODULES = YES;
				CLANG_ENABLE_OBJC_ARC = YES;
				CLANG_WARN_BOOL_CONVERSION = YES;
				CLANG_WARN_CONSTANT_CONVERSION = YES;
				CLANG_WARN_DIRECT_OBJC_ISA_USAGE = YES_ERROR;
				CLANG_WARN_EMPTY_BODY = YES;
				CLANG_WARN_ENUM_CONVERSION = YES;
				CLANG_WARN_INT_CONVERSION = YES;
				CLANG_WARN_OBJC_ROOT_CLASS = YES_ERROR;
				CLANG_WARN__DUPLICATE_METHOD_MATCH = YES;
				"CODE_SIGN_IDENTITY[sdk=iphoneos*]" = "iPhone Developer";
				COPY_PHASE_STRIP = NO;
				GCC_C_LANGUAGE_STANDARD = gnu99;
				GCC_DYNAMIC_NO_PIC = NO;
				GCC_OPTIMIZATION_LEVEL = 0;
				GCC_PREPROCESSOR_DEFINITIONS = (
					"DEBUG=1",
					"$(inherited)",
				);
				GCC_SYMBOLS_PRIVATE_EXTERN = NO;
				GCC_WARN_64_TO_32_BIT_CONVERSION = YES;
				GCC_WARN_ABOUT_RETURN_TYPE = YES_ERROR;
				GCC_WARN_UNDECLARED_SELECTOR = YES;
				GCC_WARN_UNINITIALIZED_AUTOS = YES_AGGRESSIVE;
				GCC_WARN_UNUSED_FUNCTION = YES;
				GCC_WARN_UNUSED_VARIABLE = YES;
				IPHONEOS_DEPLOYMENT_TARGET = 7.1;
				ONLY_ACTIVE_ARCH = YES;
				SDKROOT = iphoneos;
			};
			name = Debug;
		};
		172F7882192D174D00F150E1 /* Release */ = {
			isa = XCBuildConfiguration;
			buildSettings = {
				ALWAYS_SEARCH_USER_PATHS = NO;
				CLANG_CXX_LANGUAGE_STANDARD = "gnu++0x";
				CLANG_CXX_LIBRARY = "libc++";
				CLANG_ENABLE_MODULES = YES;
				CLANG_ENABLE_OBJC_ARC = YES;
				CLANG_WARN_BOOL_CONVERSION = YES;
				CLANG_WARN_CONSTANT_CONVERSION = YES;
				CLANG_WARN_DIRECT_OBJC_ISA_USAGE = YES_ERROR;
				CLANG_WARN_EMPTY_BODY = YES;
				CLANG_WARN_ENUM_CONVERSION = YES;
				CLANG_WARN_INT_CONVERSION = YES;
				CLANG_WARN_OBJC_ROOT_CLASS = YES_ERROR;
				CLANG_WARN__DUPLICATE_METHOD_MATCH = YES;
				"CODE_SIGN_IDENTITY[sdk=iphoneos*]" = "iPhone Developer";
				COPY_PHASE_STRIP = YES;
				ENABLE_NS_ASSERTIONS = NO;
				GCC_C_LANGUAGE_STANDARD = gnu99;
				GCC_WARN_64_TO_32_BIT_CONVERSION = YES;
				GCC_WARN_ABOUT_RETURN_TYPE = YES_ERROR;
				GCC_WARN_UNDECLARED_SELECTOR = YES;
				GCC_WARN_UNINITIALIZED_AUTOS = YES_AGGRESSIVE;
				GCC_WARN_UNUSED_FUNCTION = YES;
				GCC_WARN_UNUSED_VARIABLE = YES;
				IPHONEOS_DEPLOYMENT_TARGET = 7.1;
				SDKROOT = iphoneos;
				VALIDATE_PRODUCT = YES;
			};
			name = Release;
		};
		172F7884192D174D00F150E1 /* Debug */ = {
			isa = XCBuildConfiguration;
			buildSettings = {
				ASSETCATALOG_COMPILER_APPICON_NAME = AppIcon;
				ASSETCATALOG_COMPILER_LAUNCHIMAGE_NAME = LaunchImage;
				GCC_PRECOMPILE_PREFIX_HEADER = YES;
				GCC_PREFIX_HEADER = "RoshanCartoonClient/RoshanCartoonClient-Prefix.pch";
				INFOPLIST_FILE = "RoshanCartoonClient/RoshanCartoonClient-Info.plist";
				PRODUCT_NAME = "$(TARGET_NAME)";
				WRAPPER_EXTENSION = app;
			};
			name = Debug;
		};
		172F7885192D174D00F150E1 /* Release */ = {
			isa = XCBuildConfiguration;
			buildSettings = {
				ASSETCATALOG_COMPILER_APPICON_NAME = AppIcon;
				ASSETCATALOG_COMPILER_LAUNCHIMAGE_NAME = LaunchImage;
				GCC_PRECOMPILE_PREFIX_HEADER = YES;
				GCC_PREFIX_HEADER = "RoshanCartoonClient/RoshanCartoonClient-Prefix.pch";
				INFOPLIST_FILE = "RoshanCartoonClient/RoshanCartoonClient-Info.plist";
				PRODUCT_NAME = "$(TARGET_NAME)";
				WRAPPER_EXTENSION = app;
			};
			name = Release;
		};
		172F7887192D174D00F150E1 /* Debug */ = {
			isa = XCBuildConfiguration;
			buildSettings = {
				BUNDLE_LOADER = "$(BUILT_PRODUCTS_DIR)/RoshanCartoonClient.app/RoshanCartoonClient";
				FRAMEWORK_SEARCH_PATHS = (
					"$(SDKROOT)/Developer/Library/Frameworks",
					"$(inherited)",
					"$(DEVELOPER_FRAMEWORKS_DIR)",
				);
				GCC_PRECOMPILE_PREFIX_HEADER = YES;
				GCC_PREFIX_HEADER = "RoshanCartoonClient/RoshanCartoonClient-Prefix.pch";
				GCC_PREPROCESSOR_DEFINITIONS = (
					"DEBUG=1",
					"$(inherited)",
				);
				INFOPLIST_FILE = "RoshanCartoonClientTests/RoshanCartoonClientTests-Info.plist";
				PRODUCT_NAME = "$(TARGET_NAME)";
				TEST_HOST = "$(BUNDLE_LOADER)";
				WRAPPER_EXTENSION = xctest;
			};
			name = Debug;
		};
		172F7888192D174D00F150E1 /* Release */ = {
			isa = XCBuildConfiguration;
			buildSettings = {
				BUNDLE_LOADER = "$(BUILT_PRODUCTS_DIR)/RoshanCartoonClient.app/RoshanCartoonClient";
				FRAMEWORK_SEARCH_PATHS = (
					"$(SDKROOT)/Developer/Library/Frameworks",
					"$(inherited)",
					"$(DEVELOPER_FRAMEWORKS_DIR)",
				);
				GCC_PRECOMPILE_PREFIX_HEADER = YES;
				GCC_PREFIX_HEADER = "RoshanCartoonClient/RoshanCartoonClient-Prefix.pch";
				INFOPLIST_FILE = "RoshanCartoonClientTests/RoshanCartoonClientTests-Info.plist";
				PRODUCT_NAME = "$(TARGET_NAME)";
				TEST_HOST = "$(BUNDLE_LOADER)";
				WRAPPER_EXTENSION = xctest;
			};
			name = Release;
		};
/* End XCBuildConfiguration section */

/* Begin XCConfigurationList section */
		172F7852192D174D00F150E1 /* Build configuration list for PBXProject "RoshanCartoonClient" */ = {
			isa = XCConfigurationList;
			buildConfigurations = (
				172F7881192D174D00F150E1 /* Debug */,
				172F7882192D174D00F150E1 /* Release */,
			);
			defaultConfigurationIsVisible = 0;
			defaultConfigurationName = Release;
		};
		172F7883192D174D00F150E1 /* Build configuration list for PBXNativeTarget "RoshanCartoonClient" */ = {
			isa = XCConfigurationList;
			buildConfigurations = (
				172F7884192D174D00F150E1 /* Debug */,
				172F7885192D174D00F150E1 /* Release */,
			);
			defaultConfigurationIsVisible = 0;
		};
		172F7886192D174D00F150E1 /* Build configuration list for PBXNativeTarget "RoshanCartoonClientTests" */ = {
			isa = XCConfigurationList;
			buildConfigurations = (
				172F7887192D174D00F150E1 /* Debug */,
				172F7888192D174D00F150E1 /* Release */,
			);
			defaultConfigurationIsVisible = 0;
		};
/* End XCConfigurationList section */
	};
	rootObject = 172F784F192D174D00F150E1 /* Project object */;
}
